# This file is generated by running "yarn install" inside your project.
# Manual changes might be lost - proceed with caution!

__metadata:
  version: 8
  cacheKey: 10c0

"@lit-labs/ssr-dom-shim@npm:^1.1.2":
  version: 1.1.2
  resolution: "@lit-labs/ssr-dom-shim@npm:1.1.2"
  checksum: e51c7c156317ac95cac8d534d8608ac2a9dda7441f14f73e9e66a995d277851a90315324fe74690d1169a66dce645ed9674a8f5a9a467d183156de1c87549b23
  languageName: node
  linkType: hard

"@lit/reactive-element@npm:^2.0.0":
  version: 2.0.2
  resolution: "@lit/reactive-element@npm:2.0.2"
  dependencies:
    "@lit-labs/ssr-dom-shim": "npm:^1.1.2"
  checksum: 8220f1b14217dab29af488c433d7eb87b1500ebe1c487d3317585c71e7d2186bb64fa784a204533eb64771cc7a9276cc47d9b6c3d3f2c9268014e4196a39665c
  languageName: node
  linkType: hard

"@types/trusted-types@npm:^2.0.2":
  version: 2.0.7
  resolution: "@types/trusted-types@npm:2.0.7"
  checksum: 4c4855f10de7c6c135e0d32ce462419d8abbbc33713b31d294596c0cc34ae1fa6112a2f9da729c8f7a20707782b0d69da3b1f8df6645b0366d08825ca1522e0c
  languageName: node
  linkType: hard

"check-new-stroy@workspace:.":
  version: 0.0.0-use.local
  resolution: "check-new-stroy@workspace:."
  dependencies:
    lit: "npm:^3.1.0"
    typescript: "npm:^5.3.2"
  languageName: unknown
  linkType: soft

"lit-element@npm:^4.0.0":
  version: 4.0.2
  resolution: "lit-element@npm:4.0.2"
  dependencies:
    "@lit-labs/ssr-dom-shim": "npm:^1.1.2"
    "@lit/reactive-element": "npm:^2.0.0"
    lit-html: "npm:^3.1.0"
  checksum: 7434d554a437ee3b017d14da794d51d8674cd6b59bc3215d822793698113c0e6769707cd9be3a9b2523dabb64780fd37d49cc8a4a08bd5c22e2eba4b92edefeb
  languageName: node
  linkType: hard

"lit-html@npm:^3.1.0":
  version: 3.1.0
  resolution: "lit-html@npm:3.1.0"
  dependencies:
    "@types/trusted-types": "npm:^2.0.2"
  checksum: ecd6d0c97715cc92092d14f329acd04eea37886a947a07f32bd96dd89d44253689a9e4e9c787412e184657c2af5547332ba07f2cfcabda8d4c0db36863a93cc0
  languageName: node
  linkType: hard

"lit@npm:^3.1.0":
  version: 3.1.0
  resolution: "lit@npm:3.1.0"
  dependencies:
    "@lit/reactive-element": "npm:^2.0.0"
    lit-element: "npm:^4.0.0"
    lit-html: "npm:^3.1.0"
  checksum: 7ca12c1b1593373d16b51b2220677d8936b4061de4f278ef2a85f15726bb4365a8eed89a0294816a10d6124dca81f02e83b5dfed9a6031e135a7bc68924eea6b
  languageName: node
  linkType: hard

"typescript@npm:^5.3.2":
  version: 5.3.2
  resolution: "typescript@npm:5.3.2"
  bin:
    tsc: bin/tsc
    tsserver: bin/tsserver
  checksum: d7dbe1fbe19039e36a65468ea64b5d338c976550394ba576b7af9c68ed40c0bc5d12ecce390e4b94b287a09a71bd3229f19c2d5680611f35b7c53a3898791159
  languageName: node
  linkType: hard

"typescript@patch:typescript@npm%3A^5.3.2#optional!builtin<compat/typescript>":
  version: 5.3.2
  resolution: "typescript@patch:typescript@npm%3A5.3.2#optional!builtin<compat/typescript>::version=5.3.2&hash=e012d7"
  bin:
    tsc: bin/tsc
    tsserver: bin/tsserver
  checksum: 73c8bad74e732d93211c9d77f28b03307e2f5fc6a0afc73f4b783261ab567686a16d6ae958bdaef383a00be1b0b8c8b6741dd6ca3d13af4963fa7e47456d49c7
  languageName: node
  linkType: hard
